
Microsoft Visual Studio Solution File, Format Version 12.00
# Visual Studio Version 16
VisualStudioVersion = 16.0.30114.105
MinimumVisualStudioVersion = 10.0.40219.1
Project("{FAE04EC0-301F-11D3-BF4B-00C04F79EFBC}") = "Stac.Api.CodeGen", "Stac.Api.CodeGen\Stac.Api.CodeGen.csproj", "{03B55922-7E7B-4345-9BE4-7C968AFB791F}"
EndProject
Project("{FAE04EC0-301F-11D3-BF4B-00C04F79EFBC}") = "Stac.Api", "Stac.Api\Stac.Api.csproj", "{A27F02F8-9AD3-4BB1-B7AB-EEA69FEE1826}"
EndProject
Project("{FAE04EC0-301F-11D3-BF4B-00C04F79EFBC}") = "Stac.Api.Tests", "Stac.Api.Tests\Stac.Api.Tests.csproj", "{BCA043F6-F788-4ECD-9828-B70E1E96EE01}"
EndProject
Project("{FAE04EC0-301F-11D3-BF4B-00C04F79EFBC}") = "Stac.Api.WebApi", "Stac.Api.WebApi\Stac.Api.WebApi.csproj", "{6BB657F5-8A4F-4B11-942F-B677DB66CA38}"
EndProject
Project("{FAE04EC0-301F-11D3-BF4B-00C04F79EFBC}") = "Stac.Api.Clients", "Stac.Api.Clients\Stac.Api.Clients.csproj", "{19CF1B08-B120-47F7-AAF6-9F06566CAD71}"
EndProject
Project("{FAE04EC0-301F-11D3-BF4B-00C04F79EFBC}") = "Stac.Api.FileSystem", "Stac.Api.FileSystem\Stac.Api.FileSystem.csproj", "{08E85D33-C26B-4A3E-BBA1-773BE6ADA583}"
EndProject
Global
	GlobalSection(SolutionConfigurationPlatforms) = preSolution
		Debug|Any CPU = Debug|Any CPU
		Debug|x64 = Debug|x64
		Debug|x86 = Debug|x86
		Release|Any CPU = Release|Any CPU
		Release|x64 = Release|x64
		Release|x86 = Release|x86
	EndGlobalSection
	GlobalSection(SolutionProperties) = preSolution
		HideSolutionNode = FALSE
	EndGlobalSection
	GlobalSection(ProjectConfigurationPlatforms) = postSolution
		{03B55922-7E7B-4345-9BE4-7C968AFB791F}.Debug|Any CPU.ActiveCfg = Debug|Any CPU
		{03B55922-7E7B-4345-9BE4-7C968AFB791F}.Debug|Any CPU.Build.0 = Debug|Any CPU
		{03B55922-7E7B-4345-9BE4-7C968AFB791F}.Debug|x64.ActiveCfg = Debug|Any CPU
		{03B55922-7E7B-4345-9BE4-7C968AFB791F}.Debug|x64.Build.0 = Debug|Any CPU
		{03B55922-7E7B-4345-9BE4-7C968AFB791F}.Debug|x86.ActiveCfg = Debug|Any CPU
		{03B55922-7E7B-4345-9BE4-7C968AFB791F}.Debug|x86.Build.0 = Debug|Any CPU
		{03B55922-7E7B-4345-9BE4-7C968AFB791F}.Release|Any CPU.ActiveCfg = Release|Any CPU
		{03B55922-7E7B-4345-9BE4-7C968AFB791F}.Release|Any CPU.Build.0 = Release|Any CPU
		{03B55922-7E7B-4345-9BE4-7C968AFB791F}.Release|x64.ActiveCfg = Release|Any CPU
		{03B55922-7E7B-4345-9BE4-7C968AFB791F}.Release|x64.Build.0 = Release|Any CPU
		{03B55922-7E7B-4345-9BE4-7C968AFB791F}.Release|x86.ActiveCfg = Release|Any CPU
		{03B55922-7E7B-4345-9BE4-7C968AFB791F}.Release|x86.Build.0 = Release|Any CPU
		{A27F02F8-9AD3-4BB1-B7AB-EEA69FEE1826}.Debug|Any CPU.ActiveCfg = Debug|Any CPU
		{A27F02F8-9AD3-4BB1-B7AB-EEA69FEE1826}.Debug|Any CPU.Build.0 = Debug|Any CPU
		{A27F02F8-9AD3-4BB1-B7AB-EEA69FEE1826}.Debug|x64.ActiveCfg = Debug|Any CPU
		{A27F02F8-9AD3-4BB1-B7AB-EEA69FEE1826}.Debug|x64.Build.0 = Debug|Any CPU
		{A27F02F8-9AD3-4BB1-B7AB-EEA69FEE1826}.Debug|x86.ActiveCfg = Debug|Any CPU
		{A27F02F8-9AD3-4BB1-B7AB-EEA69FEE1826}.Debug|x86.Build.0 = Debug|Any CPU
		{A27F02F8-9AD3-4BB1-B7AB-EEA69FEE1826}.Release|Any CPU.ActiveCfg = Release|Any CPU
		{A27F02F8-9AD3-4BB1-B7AB-EEA69FEE1826}.Release|Any CPU.Build.0 = Release|Any CPU
		{A27F02F8-9AD3-4BB1-B7AB-EEA69FEE1826}.Release|x64.ActiveCfg = Release|Any CPU
		{A27F02F8-9AD3-4BB1-B7AB-EEA69FEE1826}.Release|x64.Build.0 = Release|Any CPU
		{A27F02F8-9AD3-4BB1-B7AB-EEA69FEE1826}.Release|x86.ActiveCfg = Release|Any CPU
		{A27F02F8-9AD3-4BB1-B7AB-EEA69FEE1826}.Release|x86.Build.0 = Release|Any CPU
		{BCA043F6-F788-4ECD-9828-B70E1E96EE01}.Debug|Any CPU.ActiveCfg = Debug|Any CPU
		{BCA043F6-F788-4ECD-9828-B70E1E96EE01}.Debug|Any CPU.Build.0 = Debug|Any CPU
		{BCA043F6-F788-4ECD-9828-B70E1E96EE01}.Debug|x64.ActiveCfg = Debug|Any CPU
		{BCA043F6-F788-4ECD-9828-B70E1E96EE01}.Debug|x64.Build.0 = Debug|Any CPU
		{BCA043F6-F788-4ECD-9828-B70E1E96EE01}.Debug|x86.ActiveCfg = Debug|Any CPU
		{BCA043F6-F788-4ECD-9828-B70E1E96EE01}.Debug|x86.Build.0 = Debug|Any CPU
		{BCA043F6-F788-4ECD-9828-B70E1E96EE01}.Release|Any CPU.ActiveCfg = Release|Any CPU
		{BCA043F6-F788-4ECD-9828-B70E1E96EE01}.Release|Any CPU.Build.0 = Release|Any CPU
		{BCA043F6-F788-4ECD-9828-B70E1E96EE01}.Release|x64.ActiveCfg = Release|Any CPU
		{BCA043F6-F788-4ECD-9828-B70E1E96EE01}.Release|x64.Build.0 = Release|Any CPU
		{BCA043F6-F788-4ECD-9828-B70E1E96EE01}.Release|x86.ActiveCfg = Release|Any CPU
		{BCA043F6-F788-4ECD-9828-B70E1E96EE01}.Release|x86.Build.0 = Release|Any CPU
		{6BB657F5-8A4F-4B11-942F-B677DB66CA38}.Debug|Any CPU.ActiveCfg = Debug|Any CPU
		{6BB657F5-8A4F-4B11-942F-B677DB66CA38}.Debug|Any CPU.Build.0 = Debug|Any CPU
		{6BB657F5-8A4F-4B11-942F-B677DB66CA38}.Debug|x64.ActiveCfg = Debug|Any CPU
		{6BB657F5-8A4F-4B11-942F-B677DB66CA38}.Debug|x64.Build.0 = Debug|Any CPU
		{6BB657F5-8A4F-4B11-942F-B677DB66CA38}.Debug|x86.ActiveCfg = Debug|Any CPU
		{6BB657F5-8A4F-4B11-942F-B677DB66CA38}.Debug|x86.Build.0 = Debug|Any CPU
		{6BB657F5-8A4F-4B11-942F-B677DB66CA38}.Release|Any CPU.ActiveCfg = Release|Any CPU
		{6BB657F5-8A4F-4B11-942F-B677DB66CA38}.Release|Any CPU.Build.0 = Release|Any CPU
		{6BB657F5-8A4F-4B11-942F-B677DB66CA38}.Release|x64.ActiveCfg = Release|Any CPU
		{6BB657F5-8A4F-4B11-942F-B677DB66CA38}.Release|x64.Build.0 = Release|Any CPU
		{6BB657F5-8A4F-4B11-942F-B677DB66CA38}.Release|x86.ActiveCfg = Release|Any CPU
		{6BB657F5-8A4F-4B11-942F-B677DB66CA38}.Release|x86.Build.0 = Release|Any CPU
		{19CF1B08-B120-47F7-AAF6-9F06566CAD71}.Debug|Any CPU.ActiveCfg = Debug|Any CPU
		{19CF1B08-B120-47F7-AAF6-9F06566CAD71}.Debug|Any CPU.Build.0 = Debug|Any CPU
		{19CF1B08-B120-47F7-AAF6-9F06566CAD71}.Debug|x64.ActiveCfg = Debug|Any CPU
		{19CF1B08-B120-47F7-AAF6-9F06566CAD71}.Debug|x64.Build.0 = Debug|Any CPU
		{19CF1B08-B120-47F7-AAF6-9F06566CAD71}.Debug|x86.ActiveCfg = Debug|Any CPU
		{19CF1B08-B120-47F7-AAF6-9F06566CAD71}.Debug|x86.Build.0 = Debug|Any CPU
		{19CF1B08-B120-47F7-AAF6-9F06566CAD71}.Release|Any CPU.ActiveCfg = Release|Any CPU
		{19CF1B08-B120-47F7-AAF6-9F06566CAD71}.Release|Any CPU.Build.0 = Release|Any CPU
		{19CF1B08-B120-47F7-AAF6-9F06566CAD71}.Release|x64.ActiveCfg = Release|Any CPU
		{19CF1B08-B120-47F7-AAF6-9F06566CAD71}.Release|x64.Build.0 = Release|Any CPU
		{19CF1B08-B120-47F7-AAF6-9F06566CAD71}.Release|x86.ActiveCfg = Release|Any CPU
		{19CF1B08-B120-47F7-AAF6-9F06566CAD71}.Release|x86.Build.0 = Release|Any CPU
		{08E85D33-C26B-4A3E-BBA1-773BE6ADA583}.Debug|Any CPU.ActiveCfg = Debug|Any CPU
		{08E85D33-C26B-4A3E-BBA1-773BE6ADA583}.Debug|Any CPU.Build.0 = Debug|Any CPU
		{08E85D33-C26B-4A3E-BBA1-773BE6ADA583}.Debug|x64.ActiveCfg = Debug|Any CPU
		{08E85D33-C26B-4A3E-BBA1-773BE6ADA583}.Debug|x64.Build.0 = Debug|Any CPU
		{08E85D33-C26B-4A3E-BBA1-773BE6ADA583}.Debug|x86.ActiveCfg = Debug|Any CPU
		{08E85D33-C26B-4A3E-BBA1-773BE6ADA583}.Debug|x86.Build.0 = Debug|Any CPU
		{08E85D33-C26B-4A3E-BBA1-773BE6ADA583}.Release|Any CPU.ActiveCfg = Release|Any CPU
		{08E85D33-C26B-4A3E-BBA1-773BE6ADA583}.Release|Any CPU.Build.0 = Release|Any CPU
		{08E85D33-C26B-4A3E-BBA1-773BE6ADA583}.Release|x64.ActiveCfg = Release|Any CPU
		{08E85D33-C26B-4A3E-BBA1-773BE6ADA583}.Release|x64.Build.0 = Release|Any CPU
		{08E85D33-C26B-4A3E-BBA1-773BE6ADA583}.Release|x86.ActiveCfg = Release|Any CPU
		{08E85D33-C26B-4A3E-BBA1-773BE6ADA583}.Release|x86.Build.0 = Release|Any CPU
	EndGlobalSection
EndGlobal
